
Microsoft Visual Studio Solution File, Format Version 12.00
# Visual Studio Version 17
VisualStudioVersion = 17.9.34728.123
MinimumVisualStudioVersion = 10.0.40219.1
Project("{9A19103F-16F7-4668-BE54-9A1E7A4F7556}") = "Parte001", "Parte001\Parte001.csproj", "{CF1BFFBA-3B45-419B-9E10-ABB307662CC3}"
EndProject
Project("{FAE04EC0-301F-11D3-BF4B-00C04F79EFBC}") = "Parte002", "Parte002\Parte002.csproj", "{163F6C7B-4B8B-429F-860D-F67E524C0AE6}"
EndProject
Global
	GlobalSection(SolutionConfigurationPlatforms) = preSolution
		Debug|Any CPU = Debug|Any CPU
		Release|Any CPU = Release|Any CPU
	EndGlobalSection
	GlobalSection(ProjectConfigurationPlatforms) = postSolution
		{CF1BFFBA-3B45-419B-9E10-ABB307662CC3}.Debug|Any CPU.ActiveCfg = Debug|Any CPU
		{CF1BFFBA-3B45-419B-9E10-ABB307662CC3}.Debug|Any CPU.Build.0 = Debug|Any CPU
		{CF1BFFBA-3B45-419B-9E10-ABB307662CC3}.Release|Any CPU.ActiveCfg = Release|Any CPU
		{CF1BFFBA-3B45-419B-9E10-ABB307662CC3}.Release|Any CPU.Build.0 = Release|Any CPU
		{163F6C7B-4B8B-429F-860D-F67E524C0AE6}.Debug|Any CPU.ActiveCfg = Debug|Any CPU
		{163F6C7B-4B8B-429F-860D-F67E524C0AE6}.Debug|Any CPU.Build.0 = Debug|Any CPU
		{163F6C7B-4B8B-429F-860D-F67E524C0AE6}.Release|Any CPU.ActiveCfg = Release|Any CPU
		{163F6C7B-4B8B-429F-860D-F67E524C0AE6}.Release|Any CPU.Build.0 = Release|Any CPU
	EndGlobalSection
	GlobalSection(SolutionProperties) = preSolution
		HideSolutionNode = FALSE
	EndGlobalSection
	GlobalSection(ExtensibilityGlobals) = postSolution
		SolutionGuid = {D19C34ED-BEDA-4D56-8DAB-D0FC0E9664FD}
	EndGlobalSection
EndGlobal
