
Microsoft Visual Studio Solution File, Format Version 12.00
# Visual Studio Version 17
VisualStudioVersion = 17.5.002.0
MinimumVisualStudioVersion = 10.0.40219.1
Project("{9A19103F-16F7-4668-BE54-9A1E7A4F7556}") = "Formulario", "Formulario.csproj", "{4C750753-160C-4908-9403-2C5EFC2823CF}"
EndProject
Global
	GlobalSection(SolutionConfigurationPlatforms) = preSolution
		Debug|Any CPU = Debug|Any CPU
		Release|Any CPU = Release|Any CPU
	EndGlobalSection
	GlobalSection(ProjectConfigurationPlatforms) = postSolution
		{4C750753-160C-4908-9403-2C5EFC2823CF}.Debug|Any CPU.ActiveCfg = Debug|Any CPU
		{4C750753-160C-4908-9403-2C5EFC2823CF}.Debug|Any CPU.Build.0 = Debug|Any CPU
		{4C750753-160C-4908-9403-2C5EFC2823CF}.Release|Any CPU.ActiveCfg = Release|Any CPU
		{4C750753-160C-4908-9403-2C5EFC2823CF}.Release|Any CPU.Build.0 = Release|Any CPU
	EndGlobalSection
	GlobalSection(SolutionProperties) = preSolution
		HideSolutionNode = FALSE
	EndGlobalSection
	GlobalSection(ExtensibilityGlobals) = postSolution
		SolutionGuid = {18AA70C6-3ED3-476E-AF3F-D5CCA2674537}
	EndGlobalSection
EndGlobal
