
Microsoft Visual Studio Solution File, Format Version 12.00
# Visual Studio Version 17
VisualStudioVersion = 17.5.002.0
MinimumVisualStudioVersion = 10.0.40219.1
Project("{9A19103F-16F7-4668-BE54-9A1E7A4F7556}") = "FormMdi", "FormMdi.csproj", "{5CF350A1-8363-4887-A229-50FA4C9D0DEE}"
EndProject
Global
	GlobalSection(SolutionConfigurationPlatforms) = preSolution
		Debug|Any CPU = Debug|Any CPU
		Release|Any CPU = Release|Any CPU
	EndGlobalSection
	GlobalSection(ProjectConfigurationPlatforms) = postSolution
		{5CF350A1-8363-4887-A229-50FA4C9D0DEE}.Debug|Any CPU.ActiveCfg = Debug|Any CPU
		{5CF350A1-8363-4887-A229-50FA4C9D0DEE}.Debug|Any CPU.Build.0 = Debug|Any CPU
		{5CF350A1-8363-4887-A229-50FA4C9D0DEE}.Release|Any CPU.ActiveCfg = Release|Any CPU
		{5CF350A1-8363-4887-A229-50FA4C9D0DEE}.Release|Any CPU.Build.0 = Release|Any CPU
	EndGlobalSection
	GlobalSection(SolutionProperties) = preSolution
		HideSolutionNode = FALSE
	EndGlobalSection
	GlobalSection(ExtensibilityGlobals) = postSolution
		SolutionGuid = {945351A6-C51E-4D23-80DF-13E1DA043239}
	EndGlobalSection
EndGlobal
