
Microsoft Visual Studio Solution File, Format Version 12.00
# Visual Studio Version 17
VisualStudioVersion = 17.9.34622.214
MinimumVisualStudioVersion = 10.0.40219.1
Project("{FAE04EC0-301F-11D3-BF4B-00C04F79EFBC}") = "Fibonnaci", "Fibonnaci\Fibonnaci.csproj", "{AACBD7D0-AA04-4FD6-96C7-7D4926645585}"
EndProject
Global
	GlobalSection(SolutionConfigurationPlatforms) = preSolution
		Debug|Any CPU = Debug|Any CPU
		Release|Any CPU = Release|Any CPU
	EndGlobalSection
	GlobalSection(ProjectConfigurationPlatforms) = postSolution
		{AACBD7D0-AA04-4FD6-96C7-7D4926645585}.Debug|Any CPU.ActiveCfg = Debug|Any CPU
		{AACBD7D0-AA04-4FD6-96C7-7D4926645585}.Debug|Any CPU.Build.0 = Debug|Any CPU
		{AACBD7D0-AA04-4FD6-96C7-7D4926645585}.Release|Any CPU.ActiveCfg = Release|Any CPU
		{AACBD7D0-AA04-4FD6-96C7-7D4926645585}.Release|Any CPU.Build.0 = Release|Any CPU
	EndGlobalSection
	GlobalSection(SolutionProperties) = preSolution
		HideSolutionNode = FALSE
	EndGlobalSection
	GlobalSection(ExtensibilityGlobals) = postSolution
		SolutionGuid = {422DF31A-16C1-4D3F-8D0F-C9139327D01A}
	EndGlobalSection
EndGlobal
