
Microsoft Visual Studio Solution File, Format Version 12.00
# Visual Studio Version 17
VisualStudioVersion = 17.9.34622.214
MinimumVisualStudioVersion = 10.0.40219.1
Project("{FAE04EC0-301F-11D3-BF4B-00C04F79EFBC}") = "MyConsoleApp", "MyConsoleApp\MyConsoleApp.csproj", "{68900855-0CEA-47B3-8CDD-F3579ED0D28E}"
EndProject
Global
	GlobalSection(SolutionConfigurationPlatforms) = preSolution
		Debug|Any CPU = Debug|Any CPU
		Release|Any CPU = Release|Any CPU
	EndGlobalSection
	GlobalSection(ProjectConfigurationPlatforms) = postSolution
		{68900855-0CEA-47B3-8CDD-F3579ED0D28E}.Debug|Any CPU.ActiveCfg = Debug|Any CPU
		{68900855-0CEA-47B3-8CDD-F3579ED0D28E}.Debug|Any CPU.Build.0 = Debug|Any CPU
		{68900855-0CEA-47B3-8CDD-F3579ED0D28E}.Release|Any CPU.ActiveCfg = Release|Any CPU
		{68900855-0CEA-47B3-8CDD-F3579ED0D28E}.Release|Any CPU.Build.0 = Release|Any CPU
	EndGlobalSection
	GlobalSection(SolutionProperties) = preSolution
		HideSolutionNode = FALSE
	EndGlobalSection
	GlobalSection(ExtensibilityGlobals) = postSolution
		SolutionGuid = {33FD09AC-F222-46D4-8F59-451029ED777A}
	EndGlobalSection
EndGlobal
